
Microsoft Visual Studio Solution File, Format Version 12.00
# Visual Studio Version 17
VisualStudioVersion = 17.14.36310.24 d17.14
MinimumVisualStudioVersion = 10.0.40219.1
Project("{FAE04EC0-301F-11D3-BF4B-00C04F79EFBC}") = "GemManagment.PL", "GemManagment.PL\GemManagment.PL.csproj", "{B85754CF-778C-46DF-A646-0EED7BB777C7}"
EndProject
Project("{FAE04EC0-301F-11D3-BF4B-00C04F79EFBC}") = "GemManagment.DAL", "GemManagment.DAL\GemManagment.DAL.csproj", "{7B410AFA-B681-401D-B9D5-D89349A7B09A}"
EndProject
Project("{FAE04EC0-301F-11D3-BF4B-00C04F79EFBC}") = "GemManagment.BLL", "GemManagment.BLL\GemManagment.BLL.csproj", "{5B14D225-8DCD-461F-A2AA-3580F1531185}"
EndProject
Global
	GlobalSection(SolutionConfigurationPlatforms) = preSolution
		Debug|Any CPU = Debug|Any CPU
		Release|Any CPU = Release|Any CPU
	EndGlobalSection
	GlobalSection(ProjectConfigurationPlatforms) = postSolution
		{B85754CF-778C-46DF-A646-0EED7BB777C7}.Debug|Any CPU.ActiveCfg = Debug|Any CPU
		{B85754CF-778C-46DF-A646-0EED7BB777C7}.Debug|Any CPU.Build.0 = Debug|Any CPU
		{B85754CF-778C-46DF-A646-0EED7BB777C7}.Release|Any CPU.ActiveCfg = Release|Any CPU
		{B85754CF-778C-46DF-A646-0EED7BB777C7}.Release|Any CPU.Build.0 = Release|Any CPU
		{7B410AFA-B681-401D-B9D5-D89349A7B09A}.Debug|Any CPU.ActiveCfg = Debug|Any CPU
		{7B410AFA-B681-401D-B9D5-D89349A7B09A}.Debug|Any CPU.Build.0 = Debug|Any CPU
		{7B410AFA-B681-401D-B9D5-D89349A7B09A}.Release|Any CPU.ActiveCfg = Release|Any CPU
		{7B410AFA-B681-401D-B9D5-D89349A7B09A}.Release|Any CPU.Build.0 = Release|Any CPU
		{5B14D225-8DCD-461F-A2AA-3580F1531185}.Debug|Any CPU.ActiveCfg = Debug|Any CPU
		{5B14D225-8DCD-461F-A2AA-3580F1531185}.Debug|Any CPU.Build.0 = Debug|Any CPU
		{5B14D225-8DCD-461F-A2AA-3580F1531185}.Release|Any CPU.ActiveCfg = Release|Any CPU
		{5B14D225-8DCD-461F-A2AA-3580F1531185}.Release|Any CPU.Build.0 = Release|Any CPU
	EndGlobalSection
	GlobalSection(SolutionProperties) = preSolution
		HideSolutionNode = FALSE
	EndGlobalSection
	GlobalSection(ExtensibilityGlobals) = postSolution
		SolutionGuid = {855136F8-5F75-49A6-A47C-FD0C0EEE47EB}
	EndGlobalSection
EndGlobal
